{
  "name": "js_tutorial",
  "lockfileVersion": 2,
  "requires": true,
  "packages": {
    "": {
      "dependencies": {
        "ransel-palindrome": "^0.1.0"
      }
    },
    "node_modules/ransel-palindrome": {
      "version": "0.1.0",
      "resolved": "https://registry.npmjs.org/ransel-palindrome/-/ransel-palindrome-0.1.0.tgz",
      "integrity": "sha512-PB4Vrk/ra5RmOFeoyKCYenCCTs8XM6eJvln1Ngsp0wUpTcwmaFWnqMXxD/zLq1kzuTb7MWx6utYHldb8q8Dqlg=="
    }
  },
  "dependencies": {
    "ransel-palindrome": {
      "version": "0.1.0",
      "resolved": "https://registry.npmjs.org/ransel-palindrome/-/ransel-palindrome-0.1.0.tgz",
      "integrity": "sha512-PB4Vrk/ra5RmOFeoyKCYenCCTs8XM6eJvln1Ngsp0wUpTcwmaFWnqMXxD/zLq1kzuTb7MWx6utYHldb8q8Dqlg=="
    }
  }
}
